
Microsoft Visual Studio Solution File, Format Version 12.00
# Visual Studio Version 17
VisualStudioVersion = 17.3.32929.385
MinimumVisualStudioVersion = 10.0.40219.1
Project("{FAE04EC0-301F-11D3-BF4B-00C04F79EFBC}") = "consumirAPI", "consumirAPI\consumirAPI.csproj", "{DDD18E1B-53C4-4CE9-96C3-3ECAE78EF9A5}"
EndProject
Global
	GlobalSection(SolutionConfigurationPlatforms) = preSolution
		Debug|Any CPU = Debug|Any CPU
		Release|Any CPU = Release|Any CPU
	EndGlobalSection
	GlobalSection(ProjectConfigurationPlatforms) = postSolution
		{DDD18E1B-53C4-4CE9-96C3-3ECAE78EF9A5}.Debug|Any CPU.ActiveCfg = Debug|Any CPU
		{DDD18E1B-53C4-4CE9-96C3-3ECAE78EF9A5}.Debug|Any CPU.Build.0 = Debug|Any CPU
		{DDD18E1B-53C4-4CE9-96C3-3ECAE78EF9A5}.Release|Any CPU.ActiveCfg = Release|Any CPU
		{DDD18E1B-53C4-4CE9-96C3-3ECAE78EF9A5}.Release|Any CPU.Build.0 = Release|Any CPU
	EndGlobalSection
	GlobalSection(SolutionProperties) = preSolution
		HideSolutionNode = FALSE
	EndGlobalSection
	GlobalSection(ExtensibilityGlobals) = postSolution
		SolutionGuid = {1E49EA9C-B9B0-4A51-9C65-01A6F1600943}
	EndGlobalSection
EndGlobal
