
Microsoft Visual Studio Solution File, Format Version 12.00
# Visual Studio Version 17
VisualStudioVersion = 17.3.32929.385
MinimumVisualStudioVersion = 10.0.40219.1
Project("{FAE04EC0-301F-11D3-BF4B-00C04F79EFBC}") = "metodosRetornamObjeto", "metodosRetornamObjeto\metodosRetornamObjeto.csproj", "{8E562F2F-6EC8-4032-A549-64E5CAEC019C}"
EndProject
Global
	GlobalSection(SolutionConfigurationPlatforms) = preSolution
		Debug|Any CPU = Debug|Any CPU
		Release|Any CPU = Release|Any CPU
	EndGlobalSection
	GlobalSection(ProjectConfigurationPlatforms) = postSolution
		{8E562F2F-6EC8-4032-A549-64E5CAEC019C}.Debug|Any CPU.ActiveCfg = Debug|Any CPU
		{8E562F2F-6EC8-4032-A549-64E5CAEC019C}.Debug|Any CPU.Build.0 = Debug|Any CPU
		{8E562F2F-6EC8-4032-A549-64E5CAEC019C}.Release|Any CPU.ActiveCfg = Release|Any CPU
		{8E562F2F-6EC8-4032-A549-64E5CAEC019C}.Release|Any CPU.Build.0 = Release|Any CPU
	EndGlobalSection
	GlobalSection(SolutionProperties) = preSolution
		HideSolutionNode = FALSE
	EndGlobalSection
	GlobalSection(ExtensibilityGlobals) = postSolution
		SolutionGuid = {60FEC97A-A99E-4959-8E3C-EFA13141C7BF}
	EndGlobalSection
EndGlobal
